
Microsoft Visual Studio Solution File, Format Version 12.00
# Visual Studio Version 17
VisualStudioVersion = 17.4.33205.214
MinimumVisualStudioVersion = 10.0.40219.1
Project("{FAE04EC0-301F-11D3-BF4B-00C04F79EFBC}") = "Calculadora", "Calculadora.csproj", "{57BBA626-7754-42B6-81AD-70A77C1E6074}"
EndProject
Global
	GlobalSection(SolutionConfigurationPlatforms) = preSolution
		Debug|Any CPU = Debug|Any CPU
		Release|Any CPU = Release|Any CPU
	EndGlobalSection
	GlobalSection(ProjectConfigurationPlatforms) = postSolution
		{57BBA626-7754-42B6-81AD-70A77C1E6074}.Debug|Any CPU.ActiveCfg = Debug|Any CPU
		{57BBA626-7754-42B6-81AD-70A77C1E6074}.Debug|Any CPU.Build.0 = Debug|Any CPU
		{57BBA626-7754-42B6-81AD-70A77C1E6074}.Release|Any CPU.ActiveCfg = Release|Any CPU
		{57BBA626-7754-42B6-81AD-70A77C1E6074}.Release|Any CPU.Build.0 = Release|Any CPU
	EndGlobalSection
	GlobalSection(SolutionProperties) = preSolution
		HideSolutionNode = FALSE
	EndGlobalSection
	GlobalSection(ExtensibilityGlobals) = postSolution
		SolutionGuid = {9DF57F95-3204-4691-842B-E23BEB5AE6BB}
	EndGlobalSection
EndGlobal
